
Microsoft Visual Studio Solution File, Format Version 12.00
# Visual Studio Version 17
VisualStudioVersion = 17.4.33110.190
MinimumVisualStudioVersion = 10.0.40219.1
Project("{FAE04EC0-301F-11D3-BF4B-00C04F79EFBC}") = "MidTermGroupProject", "MidTermGroupProject\MidTermGroupProject.csproj", "{4206DF95-EB9E-475D-8977-88D43BBAE3F9}"
EndProject
Global
	GlobalSection(SolutionConfigurationPlatforms) = preSolution
		Debug|Any CPU = Debug|Any CPU
		Release|Any CPU = Release|Any CPU
	EndGlobalSection
	GlobalSection(ProjectConfigurationPlatforms) = postSolution
		{4206DF95-EB9E-475D-8977-88D43BBAE3F9}.Debug|Any CPU.ActiveCfg = Debug|Any CPU
		{4206DF95-EB9E-475D-8977-88D43BBAE3F9}.Debug|Any CPU.Build.0 = Debug|Any CPU
		{4206DF95-EB9E-475D-8977-88D43BBAE3F9}.Release|Any CPU.ActiveCfg = Release|Any CPU
		{4206DF95-EB9E-475D-8977-88D43BBAE3F9}.Release|Any CPU.Build.0 = Release|Any CPU
	EndGlobalSection
	GlobalSection(SolutionProperties) = preSolution
		HideSolutionNode = FALSE
	EndGlobalSection
	GlobalSection(ExtensibilityGlobals) = postSolution
		SolutionGuid = {83F5F794-32D9-47D7-B65F-0EF8BE7B4CEF}
	EndGlobalSection
EndGlobal
